
Microsoft Visual Studio Solution File, Format Version 12.00
Project("{FAE04EC0-301F-11D3-BF4B-00C04F79EFBC}") = "TorznabClient.Models", "TorznabClient.Models\TorznabClient.Models.csproj", "{195AEDC3-8D37-4F09-8038-E9CD23549F41}"
EndProject
Project("{FAE04EC0-301F-11D3-BF4B-00C04F79EFBC}") = "TorznabClient.Models.Test", "TorznabClient.Models.Test\TorznabClient.Models.Test.csproj", "{A7EBD098-7BF7-48E2-810B-CCB4680758B3}"
EndProject
Project("{FAE04EC0-301F-11D3-BF4B-00C04F79EFBC}") = "TorznabClient", "TorznabClient\TorznabClient.csproj", "{9DAF9467-3EF6-44FB-9373-996BA4EE21C8}"
EndProject
Project("{FAE04EC0-301F-11D3-BF4B-00C04F79EFBC}") = "TorznabClient.Test", "TorznabClient.Test\TorznabClient.Test.csproj", "{EF66F26F-56A6-4761-AC85-F5A9BFB26515}"
EndProject
Project("{FAE04EC0-301F-11D3-BF4B-00C04F79EFBC}") = "TorznabClient.Demo", "TorznabClient.Demo\TorznabClient.Demo.csproj", "{FADAC85F-8EB1-4603-9BB8-AC34B19D4E90}"
EndProject
Global
	GlobalSection(SolutionConfigurationPlatforms) = preSolution
		Debug|Any CPU = Debug|Any CPU
		Release|Any CPU = Release|Any CPU
	EndGlobalSection
	GlobalSection(ProjectConfigurationPlatforms) = postSolution
		{195AEDC3-8D37-4F09-8038-E9CD23549F41}.Debug|Any CPU.ActiveCfg = Debug|Any CPU
		{195AEDC3-8D37-4F09-8038-E9CD23549F41}.Debug|Any CPU.Build.0 = Debug|Any CPU
		{195AEDC3-8D37-4F09-8038-E9CD23549F41}.Release|Any CPU.ActiveCfg = Release|Any CPU
		{195AEDC3-8D37-4F09-8038-E9CD23549F41}.Release|Any CPU.Build.0 = Release|Any CPU
		{A7EBD098-7BF7-48E2-810B-CCB4680758B3}.Debug|Any CPU.ActiveCfg = Debug|Any CPU
		{A7EBD098-7BF7-48E2-810B-CCB4680758B3}.Debug|Any CPU.Build.0 = Debug|Any CPU
		{A7EBD098-7BF7-48E2-810B-CCB4680758B3}.Release|Any CPU.ActiveCfg = Release|Any CPU
		{A7EBD098-7BF7-48E2-810B-CCB4680758B3}.Release|Any CPU.Build.0 = Release|Any CPU
		{9DAF9467-3EF6-44FB-9373-996BA4EE21C8}.Debug|Any CPU.ActiveCfg = Debug|Any CPU
		{9DAF9467-3EF6-44FB-9373-996BA4EE21C8}.Debug|Any CPU.Build.0 = Debug|Any CPU
		{9DAF9467-3EF6-44FB-9373-996BA4EE21C8}.Release|Any CPU.ActiveCfg = Release|Any CPU
		{9DAF9467-3EF6-44FB-9373-996BA4EE21C8}.Release|Any CPU.Build.0 = Release|Any CPU
		{EF66F26F-56A6-4761-AC85-F5A9BFB26515}.Debug|Any CPU.ActiveCfg = Debug|Any CPU
		{EF66F26F-56A6-4761-AC85-F5A9BFB26515}.Debug|Any CPU.Build.0 = Debug|Any CPU
		{EF66F26F-56A6-4761-AC85-F5A9BFB26515}.Release|Any CPU.ActiveCfg = Release|Any CPU
		{EF66F26F-56A6-4761-AC85-F5A9BFB26515}.Release|Any CPU.Build.0 = Release|Any CPU
		{FADAC85F-8EB1-4603-9BB8-AC34B19D4E90}.Debug|Any CPU.ActiveCfg = Debug|Any CPU
		{FADAC85F-8EB1-4603-9BB8-AC34B19D4E90}.Debug|Any CPU.Build.0 = Debug|Any CPU
		{FADAC85F-8EB1-4603-9BB8-AC34B19D4E90}.Release|Any CPU.ActiveCfg = Release|Any CPU
		{FADAC85F-8EB1-4603-9BB8-AC34B19D4E90}.Release|Any CPU.Build.0 = Release|Any CPU
	EndGlobalSection
EndGlobal
